
Microsoft Visual Studio Solution File, Format Version 12.00
# Visual Studio 2013
VisualStudioVersion = 12.0.30723.0
MinimumVisualStudioVersion = 10.0.40219.1
Project("{FAE04EC0-301F-11D3-BF4B-00C04F79EFBC}") = "Test", "Test\Test.csproj", "{D8483C74-153C-4EED-8E66-8532B23BE279}"
EndProject
Project("{FAE04EC0-301F-11D3-BF4B-00C04F79EFBC}") = "Test2", "Test2\Test2.csproj", "{DD401C90-F47F-422E-9411-ABDD9416313D}"
EndProject
Global
	GlobalSection(SolutionConfigurationPlatforms) = preSolution
		Debug|Any CPU = Debug|Any CPU
		Release|Any CPU = Release|Any CPU
	EndGlobalSection
	GlobalSection(ProjectConfigurationPlatforms) = postSolution
		{D8483C74-153C-4EED-8E66-8532B23BE279}.Debug|Any CPU.ActiveCfg = Debug|Any CPU
		{D8483C74-153C-4EED-8E66-8532B23BE279}.Debug|Any CPU.Build.0 = Debug|Any CPU
		{D8483C74-153C-4EED-8E66-8532B23BE279}.Release|Any CPU.ActiveCfg = Release|Any CPU
		{D8483C74-153C-4EED-8E66-8532B23BE279}.Release|Any CPU.Build.0 = Release|Any CPU
		{DD401C90-F47F-422E-9411-ABDD9416313D}.Debug|Any CPU.ActiveCfg = Debug|Any CPU
		{DD401C90-F47F-422E-9411-ABDD9416313D}.Debug|Any CPU.Build.0 = Debug|Any CPU
		{DD401C90-F47F-422E-9411-ABDD9416313D}.Release|Any CPU.ActiveCfg = Release|Any CPU
		{DD401C90-F47F-422E-9411-ABDD9416313D}.Release|Any CPU.Build.0 = Release|Any CPU
	EndGlobalSection
	GlobalSection(SolutionProperties) = preSolution
		HideSolutionNode = FALSE
	EndGlobalSection
EndGlobal
